
Microsoft Visual Studio Solution File, Format Version 12.00
# Visual Studio Version 17
VisualStudioVersion = 17.13.35825.156
MinimumVisualStudioVersion = 10.0.40219.1
Project("{8BC9CEB8-8B4A-11D0-8D11-00A0C91BC942}") = "数字求和", "数字求和\数字求和.vcxproj", "{08D20BD1-E5E8-4735-97A5-99029A6F3D74}"
EndProject
Project("{8BC9CEB8-8B4A-11D0-8D11-00A0C91BC942}") = "两倍数", "两倍数\两倍数.vcxproj", "{F7C02C3A-9BC0-4C51-B6B7-0FD6734A687D}"
EndProject
Project("{8BC9CEB8-8B4A-11D0-8D11-00A0C91BC942}") = "Number Sequence", "Number Sequence\Number Sequence.vcxproj", "{CC8FFDD6-EFCD-4437-9B61-7B1213B146F5}"
EndProject
Project("{8BC9CEB8-8B4A-11D0-8D11-00A0C91BC942}") = "肿瘤检测", "肿瘤检测\肿瘤检测.vcxproj", "{9A9E5516-2F8B-4019-A18B-F9B196C104C7}"
EndProject
Project("{8BC9CEB8-8B4A-11D0-8D11-00A0C91BC942}") = "垂直直方图", "垂直直方图\垂直直方图.vcxproj", "{656D3CB7-6ECA-4556-B035-D32D0BD3B3DD}"
EndProject
Project("{8BC9CEB8-8B4A-11D0-8D11-00A0C91BC942}") = "谁拿了最多奖学金", "谁拿了最多奖学金\谁拿了最多奖学金.vcxproj", "{8F6C6133-BB2F-4017-B0AE-9D04903483DF}"
EndProject
Project("{8BC9CEB8-8B4A-11D0-8D11-00A0C91BC942}") = "简单密码", "简单密码\简单密码.vcxproj", "{DD0FD122-09BC-4669-A3DB-7D61C7F57456}"
EndProject
Project("{8BC9CEB8-8B4A-11D0-8D11-00A0C91BC942}") = "化验诊断", "化验诊断\化验诊断.vcxproj", "{C3765B40-D981-47D3-945F-834472198F89}"
EndProject
Project("{8BC9CEB8-8B4A-11D0-8D11-00A0C91BC942}") = "密码", "密码\密码.vcxproj", "{AF266A77-6229-465C-8CDF-75AE4FF284AE}"
EndProject
Project("{8BC9CEB8-8B4A-11D0-8D11-00A0C91BC942}") = "十进制到R进制", "十进制到R进制\十进制到R进制.vcxproj", "{2D9DE6CA-EDDA-45C1-ADD5-901D4388DD17}"
EndProject
Project("{8BC9CEB8-8B4A-11D0-8D11-00A0C91BC942}") = "R进制到十进制", "R进制到十进制\R进制到十进制.vcxproj", "{CBC4F2DF-5599-4A90-95C1-4A5A921F0FCB}"
EndProject
Project("{8BC9CEB8-8B4A-11D0-8D11-00A0C91BC942}") = "字符串判等", "字符串判等\字符串判等.vcxproj", "{E89011AA-E391-46FE-B4C6-724C77DE2BC2}"
EndProject
Project("{8BC9CEB8-8B4A-11D0-8D11-00A0C91BC942}") = "不吉利日期", "不吉利日期\不吉利日期.vcxproj", "{DF436975-C046-45E4-9657-C962396C9B76}"
EndProject
Project("{8BC9CEB8-8B4A-11D0-8D11-00A0C91BC942}") = "循环数", "循环数\循环数.vcxproj", "{19081717-5E09-4EDB-84C7-A85CBA064587}"
EndProject
Project("{8BC9CEB8-8B4A-11D0-8D11-00A0C91BC942}") = "计算2的N次方", "计算2的N次方\计算2的N次方.vcxproj", "{4ACA8F57-ECD2-42ED-964A-C710E0642E58}"
EndProject
Project("{8BC9CEB8-8B4A-11D0-8D11-00A0C91BC942}") = "拼装模型", "拼装模型\拼装模型.vcxproj", "{9C8C24D6-9A80-4256-BC20-CD9EE858C926}"
EndProject
Project("{8BC9CEB8-8B4A-11D0-8D11-00A0C91BC942}") = "All in All", "All in All\All in All.vcxproj", "{7482BC0A-BA89-4220-905E-ED29F475CB17}"
EndProject
Project("{8BC9CEB8-8B4A-11D0-8D11-00A0C91BC942}") = "电话号码", "电话号码\电话号码.vcxproj", "{A337C73E-234A-402B-86F0-5C67C81C76CF}"
EndProject
Project("{8BC9CEB8-8B4A-11D0-8D11-00A0C91BC942}") = "数字三角形", "数字三角形\数字三角形.vcxproj", "{C82E03FD-1309-49A7-835D-003AABC9A8CA}"
EndProject
Project("{8BC9CEB8-8B4A-11D0-8D11-00A0C91BC942}") = "数字三角形最大路径", "数字三角形最大路径\数字三角形最大路径.vcxproj", "{D604560B-0824-4E98-9B0D-A43AF093AFBE}"
EndProject
Project("{8BC9CEB8-8B4A-11D0-8D11-00A0C91BC942}") = "大整数加法", "大整数加法\大整数加法.vcxproj", "{32DF3D51-74E1-4E13-A913-FD8EB2731BBF}"
EndProject
Project("{8BC9CEB8-8B4A-11D0-8D11-00A0C91BC942}") = "大整数减法", "大整数减法\大整数减法.vcxproj", "{6137C95E-3A62-4DEE-887B-FF0800C20E36}"
EndProject
Project("{8BC9CEB8-8B4A-11D0-8D11-00A0C91BC942}") = "大整数乘法", "大整数乘法\大整数乘法.vcxproj", "{4BDA28C3-0050-41DE-9312-CEE29422D6F2}"
EndProject
Project("{8BC9CEB8-8B4A-11D0-8D11-00A0C91BC942}") = "菲波那契数列", "菲波那契数列\菲波那契数列.vcxproj", "{FA56725B-C0FB-4E1A-83AD-277EEC9A76D5}"
EndProject
Project("{8BC9CEB8-8B4A-11D0-8D11-00A0C91BC942}") = "最小数", "最小数\最小数.vcxproj", "{36A55E23-EEBA-43E1-A1B4-B14C5B84FAFA}"
EndProject
Project("{8BC9CEB8-8B4A-11D0-8D11-00A0C91BC942}") = "求大整数的阶乘", "求大整数的阶乘\求大整数的阶乘.vcxproj", "{F500F47D-8044-432F-A2A4-E8BEAB484A53}"
EndProject
Project("{8BC9CEB8-8B4A-11D0-8D11-00A0C91BC942}") = "赋值问题", "赋值问题\赋值问题.vcxproj", "{4677B387-E1E9-48FD-8EE3-4DF8A812BC1B}"
EndProject
Project("{8BC9CEB8-8B4A-11D0-8D11-00A0C91BC942}") = "大整数除法", "大整数除法\大整数除法.vcxproj", "{0E54D9A8-95EA-444D-84CC-F9AB52A4B820}"
EndProject
Project("{8BC9CEB8-8B4A-11D0-8D11-00A0C91BC942}") = "Red and Black", "Red and Black\Red and Black.vcxproj", "{2231942C-762C-47E3-B125-028A05D258EA}"
EndProject
Project("{8BC9CEB8-8B4A-11D0-8D11-00A0C91BC942}") = "迷宫", "迷宫\迷宫.vcxproj", "{6987E051-2170-476E-A366-CFC321DF7126}"
EndProject
Project("{8BC9CEB8-8B4A-11D0-8D11-00A0C91BC942}") = "八皇后问题", "八皇后问题\八皇后问题.vcxproj", "{DE775292-03D1-48FC-82BE-F269443C2466}"
EndProject
Project("{8BC9CEB8-8B4A-11D0-8D11-00A0C91BC942}") = "放苹果", "放苹果\放苹果.vcxproj", "{377DF7D9-A10A-4129-A4B2-DDD31878C0A5}"
EndProject
Global
	GlobalSection(SolutionConfigurationPlatforms) = preSolution
		Debug|x64 = Debug|x64
		Debug|x86 = Debug|x86
		Release|x64 = Release|x64
		Release|x86 = Release|x86
	EndGlobalSection
	GlobalSection(ProjectConfigurationPlatforms) = postSolution
		{08D20BD1-E5E8-4735-97A5-99029A6F3D74}.Debug|x64.ActiveCfg = Debug|x64
		{08D20BD1-E5E8-4735-97A5-99029A6F3D74}.Debug|x64.Build.0 = Debug|x64
		{08D20BD1-E5E8-4735-97A5-99029A6F3D74}.Debug|x86.ActiveCfg = Debug|Win32
		{08D20BD1-E5E8-4735-97A5-99029A6F3D74}.Debug|x86.Build.0 = Debug|Win32
		{08D20BD1-E5E8-4735-97A5-99029A6F3D74}.Release|x64.ActiveCfg = Release|x64
		{08D20BD1-E5E8-4735-97A5-99029A6F3D74}.Release|x64.Build.0 = Release|x64
		{08D20BD1-E5E8-4735-97A5-99029A6F3D74}.Release|x86.ActiveCfg = Release|Win32
		{08D20BD1-E5E8-4735-97A5-99029A6F3D74}.Release|x86.Build.0 = Release|Win32
		{F7C02C3A-9BC0-4C51-B6B7-0FD6734A687D}.Debug|x64.ActiveCfg = Debug|x64
		{F7C02C3A-9BC0-4C51-B6B7-0FD6734A687D}.Debug|x64.Build.0 = Debug|x64
		{F7C02C3A-9BC0-4C51-B6B7-0FD6734A687D}.Debug|x86.ActiveCfg = Debug|Win32
		{F7C02C3A-9BC0-4C51-B6B7-0FD6734A687D}.Debug|x86.Build.0 = Debug|Win32
		{F7C02C3A-9BC0-4C51-B6B7-0FD6734A687D}.Release|x64.ActiveCfg = Release|x64
		{F7C02C3A-9BC0-4C51-B6B7-0FD6734A687D}.Release|x64.Build.0 = Release|x64
		{F7C02C3A-9BC0-4C51-B6B7-0FD6734A687D}.Release|x86.ActiveCfg = Release|Win32
		{F7C02C3A-9BC0-4C51-B6B7-0FD6734A687D}.Release|x86.Build.0 = Release|Win32
		{CC8FFDD6-EFCD-4437-9B61-7B1213B146F5}.Debug|x64.ActiveCfg = Debug|x64
		{CC8FFDD6-EFCD-4437-9B61-7B1213B146F5}.Debug|x64.Build.0 = Debug|x64
		{CC8FFDD6-EFCD-4437-9B61-7B1213B146F5}.Debug|x86.ActiveCfg = Debug|Win32
		{CC8FFDD6-EFCD-4437-9B61-7B1213B146F5}.Debug|x86.Build.0 = Debug|Win32
		{CC8FFDD6-EFCD-4437-9B61-7B1213B146F5}.Release|x64.ActiveCfg = Release|x64
		{CC8FFDD6-EFCD-4437-9B61-7B1213B146F5}.Release|x64.Build.0 = Release|x64
		{CC8FFDD6-EFCD-4437-9B61-7B1213B146F5}.Release|x86.ActiveCfg = Release|Win32
		{CC8FFDD6-EFCD-4437-9B61-7B1213B146F5}.Release|x86.Build.0 = Release|Win32
		{9A9E5516-2F8B-4019-A18B-F9B196C104C7}.Debug|x64.ActiveCfg = Debug|x64
		{9A9E5516-2F8B-4019-A18B-F9B196C104C7}.Debug|x64.Build.0 = Debug|x64
		{9A9E5516-2F8B-4019-A18B-F9B196C104C7}.Debug|x86.ActiveCfg = Debug|Win32
		{9A9E5516-2F8B-4019-A18B-F9B196C104C7}.Debug|x86.Build.0 = Debug|Win32
		{9A9E5516-2F8B-4019-A18B-F9B196C104C7}.Release|x64.ActiveCfg = Release|x64
		{9A9E5516-2F8B-4019-A18B-F9B196C104C7}.Release|x64.Build.0 = Release|x64
		{9A9E5516-2F8B-4019-A18B-F9B196C104C7}.Release|x86.ActiveCfg = Release|Win32
		{9A9E5516-2F8B-4019-A18B-F9B196C104C7}.Release|x86.Build.0 = Release|Win32
		{656D3CB7-6ECA-4556-B035-D32D0BD3B3DD}.Debug|x64.ActiveCfg = Debug|x64
		{656D3CB7-6ECA-4556-B035-D32D0BD3B3DD}.Debug|x64.Build.0 = Debug|x64
		{656D3CB7-6ECA-4556-B035-D32D0BD3B3DD}.Debug|x86.ActiveCfg = Debug|Win32
		{656D3CB7-6ECA-4556-B035-D32D0BD3B3DD}.Debug|x86.Build.0 = Debug|Win32
		{656D3CB7-6ECA-4556-B035-D32D0BD3B3DD}.Release|x64.ActiveCfg = Release|x64
		{656D3CB7-6ECA-4556-B035-D32D0BD3B3DD}.Release|x64.Build.0 = Release|x64
		{656D3CB7-6ECA-4556-B035-D32D0BD3B3DD}.Release|x86.ActiveCfg = Release|Win32
		{656D3CB7-6ECA-4556-B035-D32D0BD3B3DD}.Release|x86.Build.0 = Release|Win32
		{8F6C6133-BB2F-4017-B0AE-9D04903483DF}.Debug|x64.ActiveCfg = Debug|x64
		{8F6C6133-BB2F-4017-B0AE-9D04903483DF}.Debug|x64.Build.0 = Debug|x64
		{8F6C6133-BB2F-4017-B0AE-9D04903483DF}.Debug|x86.ActiveCfg = Debug|Win32
		{8F6C6133-BB2F-4017-B0AE-9D04903483DF}.Debug|x86.Build.0 = Debug|Win32
		{8F6C6133-BB2F-4017-B0AE-9D04903483DF}.Release|x64.ActiveCfg = Release|x64
		{8F6C6133-BB2F-4017-B0AE-9D04903483DF}.Release|x64.Build.0 = Release|x64
		{8F6C6133-BB2F-4017-B0AE-9D04903483DF}.Release|x86.ActiveCfg = Release|Win32
		{8F6C6133-BB2F-4017-B0AE-9D04903483DF}.Release|x86.Build.0 = Release|Win32
		{DD0FD122-09BC-4669-A3DB-7D61C7F57456}.Debug|x64.ActiveCfg = Debug|x64
		{DD0FD122-09BC-4669-A3DB-7D61C7F57456}.Debug|x64.Build.0 = Debug|x64
		{DD0FD122-09BC-4669-A3DB-7D61C7F57456}.Debug|x86.ActiveCfg = Debug|Win32
		{DD0FD122-09BC-4669-A3DB-7D61C7F57456}.Debug|x86.Build.0 = Debug|Win32
		{DD0FD122-09BC-4669-A3DB-7D61C7F57456}.Release|x64.ActiveCfg = Release|x64
		{DD0FD122-09BC-4669-A3DB-7D61C7F57456}.Release|x64.Build.0 = Release|x64
		{DD0FD122-09BC-4669-A3DB-7D61C7F57456}.Release|x86.ActiveCfg = Release|Win32
		{DD0FD122-09BC-4669-A3DB-7D61C7F57456}.Release|x86.Build.0 = Release|Win32
		{C3765B40-D981-47D3-945F-834472198F89}.Debug|x64.ActiveCfg = Debug|x64
		{C3765B40-D981-47D3-945F-834472198F89}.Debug|x64.Build.0 = Debug|x64
		{C3765B40-D981-47D3-945F-834472198F89}.Debug|x86.ActiveCfg = Debug|Win32
		{C3765B40-D981-47D3-945F-834472198F89}.Debug|x86.Build.0 = Debug|Win32
		{C3765B40-D981-47D3-945F-834472198F89}.Release|x64.ActiveCfg = Release|x64
		{C3765B40-D981-47D3-945F-834472198F89}.Release|x64.Build.0 = Release|x64
		{C3765B40-D981-47D3-945F-834472198F89}.Release|x86.ActiveCfg = Release|Win32
		{C3765B40-D981-47D3-945F-834472198F89}.Release|x86.Build.0 = Release|Win32
		{AF266A77-6229-465C-8CDF-75AE4FF284AE}.Debug|x64.ActiveCfg = Debug|x64
		{AF266A77-6229-465C-8CDF-75AE4FF284AE}.Debug|x64.Build.0 = Debug|x64
		{AF266A77-6229-465C-8CDF-75AE4FF284AE}.Debug|x86.ActiveCfg = Debug|Win32
		{AF266A77-6229-465C-8CDF-75AE4FF284AE}.Debug|x86.Build.0 = Debug|Win32
		{AF266A77-6229-465C-8CDF-75AE4FF284AE}.Release|x64.ActiveCfg = Release|x64
		{AF266A77-6229-465C-8CDF-75AE4FF284AE}.Release|x64.Build.0 = Release|x64
		{AF266A77-6229-465C-8CDF-75AE4FF284AE}.Release|x86.ActiveCfg = Release|Win32
		{AF266A77-6229-465C-8CDF-75AE4FF284AE}.Release|x86.Build.0 = Release|Win32
		{2D9DE6CA-EDDA-45C1-ADD5-901D4388DD17}.Debug|x64.ActiveCfg = Debug|x64
		{2D9DE6CA-EDDA-45C1-ADD5-901D4388DD17}.Debug|x64.Build.0 = Debug|x64
		{2D9DE6CA-EDDA-45C1-ADD5-901D4388DD17}.Debug|x86.ActiveCfg = Debug|Win32
		{2D9DE6CA-EDDA-45C1-ADD5-901D4388DD17}.Debug|x86.Build.0 = Debug|Win32
		{2D9DE6CA-EDDA-45C1-ADD5-901D4388DD17}.Release|x64.ActiveCfg = Release|x64
		{2D9DE6CA-EDDA-45C1-ADD5-901D4388DD17}.Release|x64.Build.0 = Release|x64
		{2D9DE6CA-EDDA-45C1-ADD5-901D4388DD17}.Release|x86.ActiveCfg = Release|Win32
		{2D9DE6CA-EDDA-45C1-ADD5-901D4388DD17}.Release|x86.Build.0 = Release|Win32
		{CBC4F2DF-5599-4A90-95C1-4A5A921F0FCB}.Debug|x64.ActiveCfg = Debug|x64
		{CBC4F2DF-5599-4A90-95C1-4A5A921F0FCB}.Debug|x64.Build.0 = Debug|x64
		{CBC4F2DF-5599-4A90-95C1-4A5A921F0FCB}.Debug|x86.ActiveCfg = Debug|Win32
		{CBC4F2DF-5599-4A90-95C1-4A5A921F0FCB}.Debug|x86.Build.0 = Debug|Win32
		{CBC4F2DF-5599-4A90-95C1-4A5A921F0FCB}.Release|x64.ActiveCfg = Release|x64
		{CBC4F2DF-5599-4A90-95C1-4A5A921F0FCB}.Release|x64.Build.0 = Release|x64
		{CBC4F2DF-5599-4A90-95C1-4A5A921F0FCB}.Release|x86.ActiveCfg = Release|Win32
		{CBC4F2DF-5599-4A90-95C1-4A5A921F0FCB}.Release|x86.Build.0 = Release|Win32
		{E89011AA-E391-46FE-B4C6-724C77DE2BC2}.Debug|x64.ActiveCfg = Debug|x64
		{E89011AA-E391-46FE-B4C6-724C77DE2BC2}.Debug|x64.Build.0 = Debug|x64
		{E89011AA-E391-46FE-B4C6-724C77DE2BC2}.Debug|x86.ActiveCfg = Debug|Win32
		{E89011AA-E391-46FE-B4C6-724C77DE2BC2}.Debug|x86.Build.0 = Debug|Win32
		{E89011AA-E391-46FE-B4C6-724C77DE2BC2}.Release|x64.ActiveCfg = Release|x64
		{E89011AA-E391-46FE-B4C6-724C77DE2BC2}.Release|x64.Build.0 = Release|x64
		{E89011AA-E391-46FE-B4C6-724C77DE2BC2}.Release|x86.ActiveCfg = Release|Win32
		{E89011AA-E391-46FE-B4C6-724C77DE2BC2}.Release|x86.Build.0 = Release|Win32
		{DF436975-C046-45E4-9657-C962396C9B76}.Debug|x64.ActiveCfg = Debug|x64
		{DF436975-C046-45E4-9657-C962396C9B76}.Debug|x64.Build.0 = Debug|x64
		{DF436975-C046-45E4-9657-C962396C9B76}.Debug|x86.ActiveCfg = Debug|Win32
		{DF436975-C046-45E4-9657-C962396C9B76}.Debug|x86.Build.0 = Debug|Win32
		{DF436975-C046-45E4-9657-C962396C9B76}.Release|x64.ActiveCfg = Release|x64
		{DF436975-C046-45E4-9657-C962396C9B76}.Release|x64.Build.0 = Release|x64
		{DF436975-C046-45E4-9657-C962396C9B76}.Release|x86.ActiveCfg = Release|Win32
		{DF436975-C046-45E4-9657-C962396C9B76}.Release|x86.Build.0 = Release|Win32
		{19081717-5E09-4EDB-84C7-A85CBA064587}.Debug|x64.ActiveCfg = Debug|x64
		{19081717-5E09-4EDB-84C7-A85CBA064587}.Debug|x64.Build.0 = Debug|x64
		{19081717-5E09-4EDB-84C7-A85CBA064587}.Debug|x86.ActiveCfg = Debug|Win32
		{19081717-5E09-4EDB-84C7-A85CBA064587}.Debug|x86.Build.0 = Debug|Win32
		{19081717-5E09-4EDB-84C7-A85CBA064587}.Release|x64.ActiveCfg = Release|x64
		{19081717-5E09-4EDB-84C7-A85CBA064587}.Release|x64.Build.0 = Release|x64
		{19081717-5E09-4EDB-84C7-A85CBA064587}.Release|x86.ActiveCfg = Release|Win32
		{19081717-5E09-4EDB-84C7-A85CBA064587}.Release|x86.Build.0 = Release|Win32
		{4ACA8F57-ECD2-42ED-964A-C710E0642E58}.Debug|x64.ActiveCfg = Debug|x64
		{4ACA8F57-ECD2-42ED-964A-C710E0642E58}.Debug|x64.Build.0 = Debug|x64
		{4ACA8F57-ECD2-42ED-964A-C710E0642E58}.Debug|x86.ActiveCfg = Debug|Win32
		{4ACA8F57-ECD2-42ED-964A-C710E0642E58}.Debug|x86.Build.0 = Debug|Win32
		{4ACA8F57-ECD2-42ED-964A-C710E0642E58}.Release|x64.ActiveCfg = Release|x64
		{4ACA8F57-ECD2-42ED-964A-C710E0642E58}.Release|x64.Build.0 = Release|x64
		{4ACA8F57-ECD2-42ED-964A-C710E0642E58}.Release|x86.ActiveCfg = Release|Win32
		{4ACA8F57-ECD2-42ED-964A-C710E0642E58}.Release|x86.Build.0 = Release|Win32
		{9C8C24D6-9A80-4256-BC20-CD9EE858C926}.Debug|x64.ActiveCfg = Debug|x64
		{9C8C24D6-9A80-4256-BC20-CD9EE858C926}.Debug|x64.Build.0 = Debug|x64
		{9C8C24D6-9A80-4256-BC20-CD9EE858C926}.Debug|x86.ActiveCfg = Debug|Win32
		{9C8C24D6-9A80-4256-BC20-CD9EE858C926}.Debug|x86.Build.0 = Debug|Win32
		{9C8C24D6-9A80-4256-BC20-CD9EE858C926}.Release|x64.ActiveCfg = Release|x64
		{9C8C24D6-9A80-4256-BC20-CD9EE858C926}.Release|x64.Build.0 = Release|x64
		{9C8C24D6-9A80-4256-BC20-CD9EE858C926}.Release|x86.ActiveCfg = Release|Win32
		{9C8C24D6-9A80-4256-BC20-CD9EE858C926}.Release|x86.Build.0 = Release|Win32
		{7482BC0A-BA89-4220-905E-ED29F475CB17}.Debug|x64.ActiveCfg = Debug|x64
		{7482BC0A-BA89-4220-905E-ED29F475CB17}.Debug|x64.Build.0 = Debug|x64
		{7482BC0A-BA89-4220-905E-ED29F475CB17}.Debug|x86.ActiveCfg = Debug|Win32
		{7482BC0A-BA89-4220-905E-ED29F475CB17}.Debug|x86.Build.0 = Debug|Win32
		{7482BC0A-BA89-4220-905E-ED29F475CB17}.Release|x64.ActiveCfg = Release|x64
		{7482BC0A-BA89-4220-905E-ED29F475CB17}.Release|x64.Build.0 = Release|x64
		{7482BC0A-BA89-4220-905E-ED29F475CB17}.Release|x86.ActiveCfg = Release|Win32
		{7482BC0A-BA89-4220-905E-ED29F475CB17}.Release|x86.Build.0 = Release|Win32
		{A337C73E-234A-402B-86F0-5C67C81C76CF}.Debug|x64.ActiveCfg = Debug|x64
		{A337C73E-234A-402B-86F0-5C67C81C76CF}.Debug|x64.Build.0 = Debug|x64
		{A337C73E-234A-402B-86F0-5C67C81C76CF}.Debug|x86.ActiveCfg = Debug|Win32
		{A337C73E-234A-402B-86F0-5C67C81C76CF}.Debug|x86.Build.0 = Debug|Win32
		{A337C73E-234A-402B-86F0-5C67C81C76CF}.Release|x64.ActiveCfg = Release|x64
		{A337C73E-234A-402B-86F0-5C67C81C76CF}.Release|x64.Build.0 = Release|x64
		{A337C73E-234A-402B-86F0-5C67C81C76CF}.Release|x86.ActiveCfg = Release|Win32
		{A337C73E-234A-402B-86F0-5C67C81C76CF}.Release|x86.Build.0 = Release|Win32
		{C82E03FD-1309-49A7-835D-003AABC9A8CA}.Debug|x64.ActiveCfg = Debug|x64
		{C82E03FD-1309-49A7-835D-003AABC9A8CA}.Debug|x64.Build.0 = Debug|x64
		{C82E03FD-1309-49A7-835D-003AABC9A8CA}.Debug|x86.ActiveCfg = Debug|Win32
		{C82E03FD-1309-49A7-835D-003AABC9A8CA}.Debug|x86.Build.0 = Debug|Win32
		{C82E03FD-1309-49A7-835D-003AABC9A8CA}.Release|x64.ActiveCfg = Release|x64
		{C82E03FD-1309-49A7-835D-003AABC9A8CA}.Release|x64.Build.0 = Release|x64
		{C82E03FD-1309-49A7-835D-003AABC9A8CA}.Release|x86.ActiveCfg = Release|Win32
		{C82E03FD-1309-49A7-835D-003AABC9A8CA}.Release|x86.Build.0 = Release|Win32
		{D604560B-0824-4E98-9B0D-A43AF093AFBE}.Debug|x64.ActiveCfg = Debug|x64
		{D604560B-0824-4E98-9B0D-A43AF093AFBE}.Debug|x64.Build.0 = Debug|x64
		{D604560B-0824-4E98-9B0D-A43AF093AFBE}.Debug|x86.ActiveCfg = Debug|Win32
		{D604560B-0824-4E98-9B0D-A43AF093AFBE}.Debug|x86.Build.0 = Debug|Win32
		{D604560B-0824-4E98-9B0D-A43AF093AFBE}.Release|x64.ActiveCfg = Release|x64
		{D604560B-0824-4E98-9B0D-A43AF093AFBE}.Release|x64.Build.0 = Release|x64
		{D604560B-0824-4E98-9B0D-A43AF093AFBE}.Release|x86.ActiveCfg = Release|Win32
		{D604560B-0824-4E98-9B0D-A43AF093AFBE}.Release|x86.Build.0 = Release|Win32
		{32DF3D51-74E1-4E13-A913-FD8EB2731BBF}.Debug|x64.ActiveCfg = Debug|x64
		{32DF3D51-74E1-4E13-A913-FD8EB2731BBF}.Debug|x64.Build.0 = Debug|x64
		{32DF3D51-74E1-4E13-A913-FD8EB2731BBF}.Debug|x86.ActiveCfg = Debug|Win32
		{32DF3D51-74E1-4E13-A913-FD8EB2731BBF}.Debug|x86.Build.0 = Debug|Win32
		{32DF3D51-74E1-4E13-A913-FD8EB2731BBF}.Release|x64.ActiveCfg = Release|x64
		{32DF3D51-74E1-4E13-A913-FD8EB2731BBF}.Release|x64.Build.0 = Release|x64
		{32DF3D51-74E1-4E13-A913-FD8EB2731BBF}.Release|x86.ActiveCfg = Release|Win32
		{32DF3D51-74E1-4E13-A913-FD8EB2731BBF}.Release|x86.Build.0 = Release|Win32
		{6137C95E-3A62-4DEE-887B-FF0800C20E36}.Debug|x64.ActiveCfg = Debug|x64
		{6137C95E-3A62-4DEE-887B-FF0800C20E36}.Debug|x64.Build.0 = Debug|x64
		{6137C95E-3A62-4DEE-887B-FF0800C20E36}.Debug|x86.ActiveCfg = Debug|Win32
		{6137C95E-3A62-4DEE-887B-FF0800C20E36}.Debug|x86.Build.0 = Debug|Win32
		{6137C95E-3A62-4DEE-887B-FF0800C20E36}.Release|x64.ActiveCfg = Release|x64
		{6137C95E-3A62-4DEE-887B-FF0800C20E36}.Release|x64.Build.0 = Release|x64
		{6137C95E-3A62-4DEE-887B-FF0800C20E36}.Release|x86.ActiveCfg = Release|Win32
		{6137C95E-3A62-4DEE-887B-FF0800C20E36}.Release|x86.Build.0 = Release|Win32
		{4BDA28C3-0050-41DE-9312-CEE29422D6F2}.Debug|x64.ActiveCfg = Debug|x64
		{4BDA28C3-0050-41DE-9312-CEE29422D6F2}.Debug|x64.Build.0 = Debug|x64
		{4BDA28C3-0050-41DE-9312-CEE29422D6F2}.Debug|x86.ActiveCfg = Debug|Win32
		{4BDA28C3-0050-41DE-9312-CEE29422D6F2}.Debug|x86.Build.0 = Debug|Win32
		{4BDA28C3-0050-41DE-9312-CEE29422D6F2}.Release|x64.ActiveCfg = Release|x64
		{4BDA28C3-0050-41DE-9312-CEE29422D6F2}.Release|x64.Build.0 = Release|x64
		{4BDA28C3-0050-41DE-9312-CEE29422D6F2}.Release|x86.ActiveCfg = Release|Win32
		{4BDA28C3-0050-41DE-9312-CEE29422D6F2}.Release|x86.Build.0 = Release|Win32
		{FA56725B-C0FB-4E1A-83AD-277EEC9A76D5}.Debug|x64.ActiveCfg = Debug|x64
		{FA56725B-C0FB-4E1A-83AD-277EEC9A76D5}.Debug|x64.Build.0 = Debug|x64
		{FA56725B-C0FB-4E1A-83AD-277EEC9A76D5}.Debug|x86.ActiveCfg = Debug|Win32
		{FA56725B-C0FB-4E1A-83AD-277EEC9A76D5}.Debug|x86.Build.0 = Debug|Win32
		{FA56725B-C0FB-4E1A-83AD-277EEC9A76D5}.Release|x64.ActiveCfg = Release|x64
		{FA56725B-C0FB-4E1A-83AD-277EEC9A76D5}.Release|x64.Build.0 = Release|x64
		{FA56725B-C0FB-4E1A-83AD-277EEC9A76D5}.Release|x86.ActiveCfg = Release|Win32
		{FA56725B-C0FB-4E1A-83AD-277EEC9A76D5}.Release|x86.Build.0 = Release|Win32
		{36A55E23-EEBA-43E1-A1B4-B14C5B84FAFA}.Debug|x64.ActiveCfg = Debug|x64
		{36A55E23-EEBA-43E1-A1B4-B14C5B84FAFA}.Debug|x64.Build.0 = Debug|x64
		{36A55E23-EEBA-43E1-A1B4-B14C5B84FAFA}.Debug|x86.ActiveCfg = Debug|Win32
		{36A55E23-EEBA-43E1-A1B4-B14C5B84FAFA}.Debug|x86.Build.0 = Debug|Win32
		{36A55E23-EEBA-43E1-A1B4-B14C5B84FAFA}.Release|x64.ActiveCfg = Release|x64
		{36A55E23-EEBA-43E1-A1B4-B14C5B84FAFA}.Release|x64.Build.0 = Release|x64
		{36A55E23-EEBA-43E1-A1B4-B14C5B84FAFA}.Release|x86.ActiveCfg = Release|Win32
		{36A55E23-EEBA-43E1-A1B4-B14C5B84FAFA}.Release|x86.Build.0 = Release|Win32
		{F500F47D-8044-432F-A2A4-E8BEAB484A53}.Debug|x64.ActiveCfg = Debug|x64
		{F500F47D-8044-432F-A2A4-E8BEAB484A53}.Debug|x64.Build.0 = Debug|x64
		{F500F47D-8044-432F-A2A4-E8BEAB484A53}.Debug|x86.ActiveCfg = Debug|Win32
		{F500F47D-8044-432F-A2A4-E8BEAB484A53}.Debug|x86.Build.0 = Debug|Win32
		{F500F47D-8044-432F-A2A4-E8BEAB484A53}.Release|x64.ActiveCfg = Release|x64
		{F500F47D-8044-432F-A2A4-E8BEAB484A53}.Release|x64.Build.0 = Release|x64
		{F500F47D-8044-432F-A2A4-E8BEAB484A53}.Release|x86.ActiveCfg = Release|Win32
		{F500F47D-8044-432F-A2A4-E8BEAB484A53}.Release|x86.Build.0 = Release|Win32
		{4677B387-E1E9-48FD-8EE3-4DF8A812BC1B}.Debug|x64.ActiveCfg = Debug|x64
		{4677B387-E1E9-48FD-8EE3-4DF8A812BC1B}.Debug|x64.Build.0 = Debug|x64
		{4677B387-E1E9-48FD-8EE3-4DF8A812BC1B}.Debug|x86.ActiveCfg = Debug|Win32
		{4677B387-E1E9-48FD-8EE3-4DF8A812BC1B}.Debug|x86.Build.0 = Debug|Win32
		{4677B387-E1E9-48FD-8EE3-4DF8A812BC1B}.Release|x64.ActiveCfg = Release|x64
		{4677B387-E1E9-48FD-8EE3-4DF8A812BC1B}.Release|x64.Build.0 = Release|x64
		{4677B387-E1E9-48FD-8EE3-4DF8A812BC1B}.Release|x86.ActiveCfg = Release|Win32
		{4677B387-E1E9-48FD-8EE3-4DF8A812BC1B}.Release|x86.Build.0 = Release|Win32
		{0E54D9A8-95EA-444D-84CC-F9AB52A4B820}.Debug|x64.ActiveCfg = Debug|x64
		{0E54D9A8-95EA-444D-84CC-F9AB52A4B820}.Debug|x64.Build.0 = Debug|x64
		{0E54D9A8-95EA-444D-84CC-F9AB52A4B820}.Debug|x86.ActiveCfg = Debug|Win32
		{0E54D9A8-95EA-444D-84CC-F9AB52A4B820}.Debug|x86.Build.0 = Debug|Win32
		{0E54D9A8-95EA-444D-84CC-F9AB52A4B820}.Release|x64.ActiveCfg = Release|x64
		{0E54D9A8-95EA-444D-84CC-F9AB52A4B820}.Release|x64.Build.0 = Release|x64
		{0E54D9A8-95EA-444D-84CC-F9AB52A4B820}.Release|x86.ActiveCfg = Release|Win32
		{0E54D9A8-95EA-444D-84CC-F9AB52A4B820}.Release|x86.Build.0 = Release|Win32
		{2231942C-762C-47E3-B125-028A05D258EA}.Debug|x64.ActiveCfg = Debug|x64
		{2231942C-762C-47E3-B125-028A05D258EA}.Debug|x64.Build.0 = Debug|x64
		{2231942C-762C-47E3-B125-028A05D258EA}.Debug|x86.ActiveCfg = Debug|Win32
		{2231942C-762C-47E3-B125-028A05D258EA}.Debug|x86.Build.0 = Debug|Win32
		{2231942C-762C-47E3-B125-028A05D258EA}.Release|x64.ActiveCfg = Release|x64
		{2231942C-762C-47E3-B125-028A05D258EA}.Release|x64.Build.0 = Release|x64
		{2231942C-762C-47E3-B125-028A05D258EA}.Release|x86.ActiveCfg = Release|Win32
		{2231942C-762C-47E3-B125-028A05D258EA}.Release|x86.Build.0 = Release|Win32
		{6987E051-2170-476E-A366-CFC321DF7126}.Debug|x64.ActiveCfg = Debug|x64
		{6987E051-2170-476E-A366-CFC321DF7126}.Debug|x64.Build.0 = Debug|x64
		{6987E051-2170-476E-A366-CFC321DF7126}.Debug|x86.ActiveCfg = Debug|Win32
		{6987E051-2170-476E-A366-CFC321DF7126}.Debug|x86.Build.0 = Debug|Win32
		{6987E051-2170-476E-A366-CFC321DF7126}.Release|x64.ActiveCfg = Release|x64
		{6987E051-2170-476E-A366-CFC321DF7126}.Release|x64.Build.0 = Release|x64
		{6987E051-2170-476E-A366-CFC321DF7126}.Release|x86.ActiveCfg = Release|Win32
		{6987E051-2170-476E-A366-CFC321DF7126}.Release|x86.Build.0 = Release|Win32
		{DE775292-03D1-48FC-82BE-F269443C2466}.Debug|x64.ActiveCfg = Debug|x64
		{DE775292-03D1-48FC-82BE-F269443C2466}.Debug|x64.Build.0 = Debug|x64
		{DE775292-03D1-48FC-82BE-F269443C2466}.Debug|x86.ActiveCfg = Debug|Win32
		{DE775292-03D1-48FC-82BE-F269443C2466}.Debug|x86.Build.0 = Debug|Win32
		{DE775292-03D1-48FC-82BE-F269443C2466}.Release|x64.ActiveCfg = Release|x64
		{DE775292-03D1-48FC-82BE-F269443C2466}.Release|x64.Build.0 = Release|x64
		{DE775292-03D1-48FC-82BE-F269443C2466}.Release|x86.ActiveCfg = Release|Win32
		{DE775292-03D1-48FC-82BE-F269443C2466}.Release|x86.Build.0 = Release|Win32
		{377DF7D9-A10A-4129-A4B2-DDD31878C0A5}.Debug|x64.ActiveCfg = Debug|x64
		{377DF7D9-A10A-4129-A4B2-DDD31878C0A5}.Debug|x64.Build.0 = Debug|x64
		{377DF7D9-A10A-4129-A4B2-DDD31878C0A5}.Debug|x86.ActiveCfg = Debug|Win32
		{377DF7D9-A10A-4129-A4B2-DDD31878C0A5}.Debug|x86.Build.0 = Debug|Win32
		{377DF7D9-A10A-4129-A4B2-DDD31878C0A5}.Release|x64.ActiveCfg = Release|x64
		{377DF7D9-A10A-4129-A4B2-DDD31878C0A5}.Release|x64.Build.0 = Release|x64
		{377DF7D9-A10A-4129-A4B2-DDD31878C0A5}.Release|x86.ActiveCfg = Release|Win32
		{377DF7D9-A10A-4129-A4B2-DDD31878C0A5}.Release|x86.Build.0 = Release|Win32
	EndGlobalSection
	GlobalSection(SolutionProperties) = preSolution
		HideSolutionNode = FALSE
	EndGlobalSection
	GlobalSection(ExtensibilityGlobals) = postSolution
		SolutionGuid = {3CEBA5EC-A98B-467B-804C-99ECB7EEA99E}
	EndGlobalSection
EndGlobal
